<?xml version="1.0" encoding="utf-8"?>
<Project ToolsVersion="4.0" xmlns="http://schemas.microsoft.com/developer/msbuild/2003">
  <ItemGroup>
    <Filter Include="Assets">
      <UniqueIdentifier>{09095d68-bcd7-45c4-b007-5c8ddb5d60a4}</UniqueIdentifier>
    </Filter>
    <Filter Include="Utils">
      <UniqueIdentifier>{003d0635-eb74-4694-a4e0-98e2b3ae0bed}</UniqueIdentifier>
    </Filter>
    <Filter Include="Utils\Structs">
      <UniqueIdentifier>{6f52897d-9c27-452a-a4ed-1ee003b87c4d}</UniqueIdentifier>
    </Filter>
    <Filter Include="DX12">
      <UniqueIdentifier>{e2e9d1a3-7ca3-44af-ad98-d4003971f749}</UniqueIdentifier>
    </Filter>
    <Filter Include="Shaders">
      <UniqueIdentifier>{8b0cb0c9-e0d8-4107-91c8-11654fac88e7}</UniqueIdentifier>
    </Filter>
    <Filter Include="Window">
      <UniqueIdentifier>{ea83cde4-c5dd-4f1f-89cf-57ba6050dc0f}</UniqueIdentifier>
    </Filter>
    <Filter Include="Object">
      <UniqueIdentifier>{264a2cd0-6dbf-4236-a82a-914663178bdf}</UniqueIdentifier>
    </Filter>
    <Filter Include="Manager">
      <UniqueIdentifier>{9fab9b58-1552-43f9-ac72-7da752b14d73}</UniqueIdentifier>
    </Filter>
  </ItemGroup>
  <ItemGroup>
    <ClInclude Include="Source\Dx12\InterfacePointers.h">
      <Filter>DX12</Filter>
    </ClInclude>
    <ClInclude Include="Source\Utils\Structs\AccelerationStructureBuffers.h">
      <Filter>Utils\Structs</Filter>
    </ClInclude>
    <ClInclude Include="Source\Utils\Structs\DxilLibrary.h">
      <Filter>Utils\Structs</Filter>
    </ClInclude>
    <ClInclude Include="Source\Utils\Structs\ExportAssociation.h">
      <Filter>Utils\Structs</Filter>
    </ClInclude>
    <ClInclude Include="Source\Utils\Structs\FrameObject.h">
      <Filter>Utils\Structs</Filter>
    </ClInclude>
    <ClInclude Include="Source\Utils\Structs\GlobalRootSignature.h">
      <Filter>Utils\Structs</Filter>
    </ClInclude>
    <ClInclude Include="Source\Utils\Structs\HeapData.h">
      <Filter>Utils\Structs</Filter>
    </ClInclude>
    <ClInclude Include="Source\Utils\Structs\HitProgram.h">
      <Filter>Utils\Structs</Filter>
    </ClInclude>
    <ClInclude Include="Source\Utils\Structs\LocalRootSignature.h">
      <Filter>Utils\Structs</Filter>
    </ClInclude>
    <ClInclude Include="Source\Utils\Structs\PipelineConfig.h">
      <Filter>Utils\Structs</Filter>
    </ClInclude>
    <ClInclude Include="Source\Utils\Structs\ShaderConfig.h">
      <Filter>Utils\Structs</Filter>
    </ClInclude>
    <ClInclude Include="Source\Utils\AccelerationStructures.h">
      <Filter>Utils</Filter>
    </ClInclude>
    <ClInclude Include="Source\Utils\D3D12GraphicsContext.h">
      <Filter>Utils</Filter>
    </ClInclude>
    <ClInclude Include="Source\Utils\RTPipeline.h">
      <Filter>Utils</Filter>
    </ClInclude>
    <ClInclude Include="Source\Utils\Structs\VertexPositionNormalTangentTexture.h">
      <Filter>Utils\Structs</Filter>
    </ClInclude>
    <ClInclude Include="Source\Utils\GraphicsPipeline.h">
      <Filter>Utils</Filter>
    </ClInclude>
    <ClInclude Include="Source\DXCAPI\dxcapi.use.h">
      <Filter>DX12</Filter>
    </ClInclude>
    <ClInclude Include="Source\Utils.h">
      <Filter>Utils</Filter>
    </ClInclude>
    <ClInclude Include="Source\Math.h">
      <Filter>Utils</Filter>
    </ClInclude>
    <ClInclude Include="Source\Helper.h">
      <Filter>Utils</Filter>
    </ClInclude>
    <ClInclude Include="Source\AppWindow.h">
      <Filter>Window</Filter>
    </ClInclude>
    <ClInclude Include="Source\Win32Application.h">
      <Filter>Window</Filter>
    </ClInclude>
    <ClInclude Include="Source\Window.h">
      <Filter>Window</Filter>
    </ClInclude>
    <ClInclude Include="Source\Camera.h">
      <Filter>Object</Filter>
    </ClInclude>
    <ClInclude Include="Source\LightObject.h">
      <Filter>Object</Filter>
    </ClInclude>
    <ClInclude Include="Source\Object.h">
      <Filter>Object</Filter>
    </ClInclude>
    <ClInclude Include="Source\CameraManager.h">
      <Filter>Manager</Filter>
    </ClInclude>
    <ClInclude Include="Source\Primitive\Primitive.h" />
    <ClInclude Include="Source\Primitive\Sphere.h" />
    <ClInclude Include="Source\Primitive\Cube.h" />
    <ClInclude Include="Source\Primitive\Quad.h" />
  </ItemGroup>
  <ItemGroup>
    <None Include="shaders\Shaders.hlsl">
      <Filter>Shaders</Filter>
    </None>
    <None Include="shaders\Helpers.hlsli">
      <Filter>Shaders</Filter>
    </None>
  </ItemGroup>
  <ItemGroup>
    <ClCompile Include="Source\Utils\AccelerationStructures.cpp">
      <Filter>Utils</Filter>
    </ClCompile>
    <ClCompile Include="Source\Utils\D3D12GraphicsContext.cpp">
      <Filter>Utils</Filter>
    </ClCompile>
    <ClCompile Include="Source\Utils\GraphicsPipeline.cpp">
      <Filter>Utils</Filter>
    </ClCompile>
    <ClCompile Include="Source\Utils\RTPipeline.cpp">
      <Filter>Utils</Filter>
    </ClCompile>
    <ClCompile Include="Source\Main.cpp" />
    <ClCompile Include="Source\Utils.cpp">
      <Filter>Utils</Filter>
    </ClCompile>
    <ClCompile Include="Source\AppWindow.cpp">
      <Filter>Window</Filter>
    </ClCompile>
    <ClCompile Include="Source\Win32Application.cpp">
      <Filter>Window</Filter>
    </ClCompile>
    <ClCompile Include="Source\Window.cpp">
      <Filter>Window</Filter>
    </ClCompile>
    <ClCompile Include="Source\Camera.cpp">
      <Filter>Object</Filter>
    </ClCompile>
    <ClCompile Include="Source\LightObject.cpp">
      <Filter>Object</Filter>
    </ClCompile>
    <ClCompile Include="Source\Object.cpp">
      <Filter>Object</Filter>
    </ClCompile>
    <ClCompile Include="Source\CameraManager.cpp">
      <Filter>Manager</Filter>
    </ClCompile>
    <ClCompile Include="Source\Primitive\Primitive.cpp" />
    <ClCompile Include="Source\Primitive\Sphere.cpp" />
    <ClCompile Include="Source\Primitive\Cube.cpp" />
    <ClCompile Include="Source\Primitive\Quad.cpp" />
  </ItemGroup>
</Project>