<?xml version="1.0" encoding="utf-8"?>
<Project ToolsVersion="4.0" xmlns="http://schemas.microsoft.com/developer/msbuild/2003">
  <ItemGroup>
    <Filter Include="Resources">
      <UniqueIdentifier>{d521f25d-6610-4d06-b4ea-46ab9f5ca12c}</UniqueIdentifier>
    </Filter>
    <Filter Include="Source">
      <UniqueIdentifier>{0154c1d2-50c7-442b-974c-64b2f26529b8}</UniqueIdentifier>
    </Filter>
    <Filter Include="Source\Engine">
      <UniqueIdentifier>{4FC737F1-C7A5-4376-A066-2A32D752A2FF}</UniqueIdentifier>
      <Extensions>cpp;c;cc;cxx;c++;cppm;ixx;def;odl;idl;hpj;bat;asm;asmx</Extensions>
    </Filter>
    <Filter Include="Source\Engine\Debug">
      <UniqueIdentifier>{ec7d7849-3f53-4633-93b3-a5ad4cfcbb95}</UniqueIdentifier>
    </Filter>
    <Filter Include="Source\Engine\WindowSystem">
      <UniqueIdentifier>{4a601a48-a4c8-40fa-a335-cdeed27ad8e9}</UniqueIdentifier>
    </Filter>
    <Filter Include="Source\Application">
      <UniqueIdentifier>{67DA6AB6-F800-4c08-8B7A-83BB121AAD01}</UniqueIdentifier>
      <Extensions>rc;ico;cur;bmp;dlg;rc2;rct;bin;rgs;gif;jpg;jpeg;jpe;resx;tiff;tif;png;wav;mfcribbon-ms</Extensions>
    </Filter>
    <Filter Include="Source\Engine\D3D12">
      <UniqueIdentifier>{39718793-c1a7-4e9d-80d4-26be988d6652}</UniqueIdentifier>
    </Filter>
    <Filter Include="Source\Engine\D3D12\RenderSystem">
      <UniqueIdentifier>{27081f42-7f43-4d0e-afa8-d832f66921ca}</UniqueIdentifier>
    </Filter>
    <Filter Include="Source\Engine\D3D12\RenderSystem\SwapChain">
      <UniqueIdentifier>{beabf58b-928c-4f45-a77b-b1fd912d3c68}</UniqueIdentifier>
    </Filter>
    <Filter Include="Source\Engine\D3D12\DebugLayer">
      <UniqueIdentifier>{a09ef97b-fe8b-4973-829a-4295009d02a9}</UniqueIdentifier>
    </Filter>
    <Filter Include="Source\Engine\D3DX12">
      <UniqueIdentifier>{88f2109b-7ffa-4f61-b7b0-f55e78c3d3ac}</UniqueIdentifier>
    </Filter>
    <Filter Include="Source\Engine\D3D12\RenderSystem\PipelineState">
      <UniqueIdentifier>{84b1ad3b-ae24-4e24-bab5-2f9eaf30cf41}</UniqueIdentifier>
    </Filter>
    <Filter Include="Source\Engine\D3D12\RenderSystem\Device">
      <UniqueIdentifier>{dc2ebceb-fe3b-414c-bc82-e752e96fdd09}</UniqueIdentifier>
    </Filter>
    <Filter Include="Source\Engine\D3D12\RenderSystem\Resource">
      <UniqueIdentifier>{50f4ced5-d4ae-49b0-a211-51e1f7b04c24}</UniqueIdentifier>
    </Filter>
    <Filter Include="Source\Engine\D3D12\RenderSystem\CommandContext">
      <UniqueIdentifier>{01bd7f7d-125a-4f3e-9ca5-f5bfbd68eb8f}</UniqueIdentifier>
    </Filter>
    <Filter Include="Source\Engine\D3D12\RenderSystem\Resource\Buffer">
      <UniqueIdentifier>{5f40ef26-5282-4b00-878c-8d3e601b2121}</UniqueIdentifier>
    </Filter>
    <Filter Include="Source\Engine\D3D12\RenderSystem\PipelineState\GraphicsPipeline">
      <UniqueIdentifier>{d09cb777-99b1-47c5-b7fb-01698c5f4e12}</UniqueIdentifier>
    </Filter>
    <Filter Include="Source\Engine\D3D12\RenderSystem\VertexBuffer">
      <UniqueIdentifier>{5d9d8467-87b4-492d-a874-b4c74fd2556e}</UniqueIdentifier>
    </Filter>
    <Filter Include="Source\Engine\D3D12\RenderSystem\CommandContext\CommandQueue">
      <UniqueIdentifier>{bcfd7db4-2fff-464a-b5c2-6f1028869747}</UniqueIdentifier>
    </Filter>
    <Filter Include="Source\Engine\D3D12\RenderSystem\IndexBuffer">
      <UniqueIdentifier>{653bdf87-6ae3-4542-9a96-317989cf660d}</UniqueIdentifier>
    </Filter>
  </ItemGroup>
  <ItemGroup>
    <ClCompile Include="Source\Platform\EditorWindow.cpp">
      <Filter>Source\Application</Filter>
    </ClCompile>
    <ClCompile Include="Source\main.cpp">
      <Filter>Source\Application</Filter>
    </ClCompile>
    <ClCompile Include="Source\Runtime\D3D12\D3D12RenderSystem.cpp">
      <Filter>Source\Engine\D3D12\RenderSystem</Filter>
    </ClCompile>
    <ClCompile Include="Source\Platform\Window.cpp">
      <Filter>Source\Engine\WindowSystem</Filter>
    </ClCompile>
    <ClCompile Include="Source\Runtime\D3D12\D3D12SwapChain.cpp">
      <Filter>Source\Engine\D3D12\RenderSystem\SwapChain</Filter>
    </ClCompile>
    <ClCompile Include="Source\Runtime\D3D12\D3D12DebugLayer.cpp">
      <Filter>Source\Engine\D3D12\DebugLayer</Filter>
    </ClCompile>
    <ClCompile Include="Source\Runtime\D3D12\D3D12VertexBuffer.cpp">
      <Filter>Source\Engine\D3D12\RenderSystem\VertexBuffer</Filter>
    </ClCompile>
    <ClCompile Include="Source\Runtime\D3D12\D3D12PipelineStateObject.cpp">
      <Filter>Source\Engine\D3D12\RenderSystem\PipelineState</Filter>
    </ClCompile>
    <ClCompile Include="Source\Runtime\D3D12\D3D12Device.cpp">
      <Filter>Source\Engine\D3D12\RenderSystem\Device</Filter>
    </ClCompile>
    <ClCompile Include="Source\Runtime\D3D12\D3D12CommandContext.cpp">
      <Filter>Source\Engine\D3D12\RenderSystem\CommandContext</Filter>
    </ClCompile>
    <ClCompile Include="Source\Runtime\D3D12\D3D12Buffer.cpp">
      <Filter>Source\Engine\D3D12\RenderSystem\Resource\Buffer</Filter>
    </ClCompile>
    <ClCompile Include="Source\Runtime\D3D12\D3D12Resource.cpp">
      <Filter>Source\Engine\D3D12\RenderSystem\Resource</Filter>
    </ClCompile>
    <ClCompile Include="Source\Runtime\D3D12\D3D12GraphicsPipelineObject.cpp">
      <Filter>Source\Engine\D3D12\RenderSystem\PipelineState\GraphicsPipeline</Filter>
    </ClCompile>
    <ClCompile Include="Source\Runtime\D3D12\D3D12CommandQueue.cpp">
      <Filter>Source\Engine\D3D12\RenderSystem\CommandContext\CommandQueue</Filter>
    </ClCompile>
    <ClCompile Include="Source\Runtime\D3D12\D3D12IndexBuffer.cpp">
      <Filter>Source\Engine\D3D12\RenderSystem\IndexBuffer</Filter>
    </ClCompile>
    <ClCompile Include="Source\Runtime\D3D12\Raytracing\AccelerationStructures.cpp">
      <Filter>Source\Engine</Filter>
    </ClCompile>
    <ClCompile Include="D3D12RootSignature.cpp">
      <Filter>Source\Engine</Filter>
    </ClCompile>
    <ClCompile Include="D3D12RaytracingPipeline.cpp">
      <Filter>Source\Engine</Filter>
    </ClCompile>
  </ItemGroup>
  <ItemGroup>
    <ClInclude Include="Source\Platform\EditorWindow.h">
      <Filter>Source\Application</Filter>
    </ClInclude>
    <ClInclude Include="Source\Common\Logger.h">
      <Filter>Source\Engine\Debug</Filter>
    </ClInclude>
    <ClInclude Include="Source\Runtime\D3D12\D3D12RenderSystem.h">
      <Filter>Source\Engine\D3D12\RenderSystem</Filter>
    </ClInclude>
    <ClInclude Include="Source\Platform\Window.h">
      <Filter>Source\Engine\WindowSystem</Filter>
    </ClInclude>
    <ClInclude Include="Resources\resource.h">
      <Filter>Resources</Filter>
    </ClInclude>
    <ClInclude Include="Source\Runtime\D3D12\D3D12SwapChain.h">
      <Filter>Source\Engine\D3D12\RenderSystem\SwapChain</Filter>
    </ClInclude>
    <ClInclude Include="Source\Runtime\D3D12\D3D12DebugLayer.h">
      <Filter>Source\Engine\D3D12\DebugLayer</Filter>
    </ClInclude>
    <ClInclude Include="Source\Common\Time.h">
      <Filter>Source\Engine\Debug</Filter>
    </ClInclude>
    <ClInclude Include="Source\AnitoTracerPCH.h">
      <Filter>Source</Filter>
    </ClInclude>
    <ClInclude Include="Source\Libraries\D3DX12\d3dx12.h">
      <Filter>Source\Engine\D3DX12</Filter>
    </ClInclude>
    <ClInclude Include="Source\Libraries\D3DX12\d3dx12_barriers.h">
      <Filter>Source\Engine\D3DX12</Filter>
    </ClInclude>
    <ClInclude Include="Source\Libraries\D3DX12\d3dx12_check_feature_support.h">
      <Filter>Source\Engine\D3DX12</Filter>
    </ClInclude>
    <ClInclude Include="Source\Libraries\D3DX12\d3dx12_core.h">
      <Filter>Source\Engine\D3DX12</Filter>
    </ClInclude>
    <ClInclude Include="Source\Libraries\D3DX12\d3dx12_default.h">
      <Filter>Source\Engine\D3DX12</Filter>
    </ClInclude>
    <ClInclude Include="Source\Libraries\D3DX12\d3dx12_pipeline_state_stream.h">
      <Filter>Source\Engine\D3DX12</Filter>
    </ClInclude>
    <ClInclude Include="Source\Libraries\D3DX12\d3dx12_property_format_table.h">
      <Filter>Source\Engine\D3DX12</Filter>
    </ClInclude>
    <ClInclude Include="Source\Libraries\D3DX12\d3dx12_render_pass.h">
      <Filter>Source\Engine\D3DX12</Filter>
    </ClInclude>
    <ClInclude Include="Source\Libraries\D3DX12\d3dx12_resource_helpers.h">
      <Filter>Source\Engine\D3DX12</Filter>
    </ClInclude>
    <ClInclude Include="Source\Libraries\D3DX12\d3dx12_root_signature.h">
      <Filter>Source\Engine\D3DX12</Filter>
    </ClInclude>
    <ClInclude Include="Source\Libraries\D3DX12\d3dx12_state_object.h">
      <Filter>Source\Engine\D3DX12</Filter>
    </ClInclude>
    <ClInclude Include="Source\Runtime\D3D12\D3D12VertexBuffer.h">
      <Filter>Source\Engine\D3D12\RenderSystem\VertexBuffer</Filter>
    </ClInclude>
    <ClInclude Include="Source\Runtime\D3D12\D3D12PipelineStateObject.h">
      <Filter>Source\Engine\D3D12\RenderSystem\PipelineState</Filter>
    </ClInclude>
    <ClInclude Include="Source\Runtime\D3D12\D3D12Device.h">
      <Filter>Source\Engine\D3D12\RenderSystem\Device</Filter>
    </ClInclude>
    <ClInclude Include="Source\Runtime\D3D12\D3D12CommandContext.h">
      <Filter>Source\Engine\D3D12\RenderSystem\CommandContext</Filter>
    </ClInclude>
    <ClInclude Include="Source\Runtime\D3D12\D3D12Buffer.h">
      <Filter>Source\Engine\D3D12\RenderSystem\Resource\Buffer</Filter>
    </ClInclude>
    <ClInclude Include="Source\Runtime\D3D12\D3D12Resource.h">
      <Filter>Source\Engine\D3D12\RenderSystem\Resource</Filter>
    </ClInclude>
    <ClInclude Include="Source\Runtime\D3D12\D3D12GraphicsPipelineObject.h">
      <Filter>Source\Engine\D3D12\RenderSystem\PipelineState\GraphicsPipeline</Filter>
    </ClInclude>
    <ClInclude Include="Source\Runtime\D3D12\D3D12CommandQueue.h">
      <Filter>Source\Engine\D3D12\RenderSystem\CommandContext\CommandQueue</Filter>
    </ClInclude>
    <ClInclude Include="Source\Runtime\D3D12\D3D12IndexBuffer.h">
      <Filter>Source\Engine\D3D12\RenderSystem\IndexBuffer</Filter>
    </ClInclude>
    <ClInclude Include="Source\Runtime\D3D12\Raytracing\AccelerationStructureBuffers.h" />
    <ClInclude Include="Source\Runtime\D3D12\Raytracing\AccelerationStructures.h" />
    <ClInclude Include="D3D12RootSignature.h" />
    <ClInclude Include="D3D12RaytracingPipeline.h" />
  </ItemGroup>
  <ItemGroup>
    <ResourceCompile Include="Resources\AnitoTracer.rc">
      <Filter>Resources</Filter>
    </ResourceCompile>
  </ItemGroup>
</Project>